#MicroXplorer Configuration settings - do not modify
Appli.IPs=CORTEX_M55_S,GPDMA1,GPIO,NVIC1\:I,HPDMA1,LINKEDLIST,RIF\:I
CAD.formats=
CAD.pinconfig=
CAD.provider=
CORTEX_M55_FSBL.CPU_DCache=Enabled
CORTEX_M55_FSBL.CPU_ICache=Enabled
CORTEX_M55_FSBL.IPParameters=CPU_ICache,CPU_DCache
CORTEX_M55_S.CPU_DCache=Enabled
CORTEX_M55_S.CPU_ICache=Enabled
CORTEX_M55_S.IPParameters=CPU_ICache,CPU_DCache
ExtMemLoader.IPs=GPIO,CORTEX_M55_NS,EXTMEM_MANAGER
FSBL.IPs=GPDMA1,HDP,RCC\:I,GPIO,NVIC\:I,TIM2,HPDMA1\:I,LINKEDLIST,CORTEX_M55_FSBL
File.Version=6
GPIO.groupedBy=
KeepUserPlacement=false
Mcu.CPN=STM32N657X0H3Q
Mcu.Context0=FSBL
Mcu.Context1=Appli
Mcu.Context2=ExtMemLoader
Mcu.ContextNb=3
Mcu.Family=STM32N6
Mcu.IP0=CORTEX_M55_FSBL
Mcu.IP1=CORTEX_M55_NS
Mcu.IP2=CORTEX_M55_S
Mcu.IP3=NVIC
Mcu.IP4=NVIC1
Mcu.IP5=NVIC2
Mcu.IP6=RCC
Mcu.IP7=RIF
Mcu.IP8=TIM2
Mcu.IPNb=9
Mcu.Name=STM32N657X0HxQ
Mcu.Package=VFBGA264
Mcu.Pin0=VP_TIM2_VS_ClockSourceINT
Mcu.PinsNb=1
Mcu.ThirdPartyNb=0
Mcu.UserConstants=
Mcu.UserName=STM32N657X0HxQ
Mcu.ContextProject=FullSecure
MxCube.Version=6.13.0
MxDb.Version=DB.6.0.130
NVIC.BFHFNMINS=0
NVIC.BusFault_IRQn=true\:0\:0\:false\:false\:true\:false\:false\:false
NVIC.DebugMonitor_IRQn=true\:0\:0\:false\:false\:true\:false\:false\:false
NVIC.ForceEnableDMAVector=true
NVIC.HardFault_IRQn=true\:0\:0\:false\:false\:true\:false\:false\:false
NVIC.MemoryManagement_IRQn=true\:0\:0\:false\:false\:true\:false\:false\:false
NVIC.NonMaskableInt_IRQn=true\:0\:0\:false\:false\:true\:false\:false\:false
NVIC.PRIS=0
NVIC.PendSV_IRQn=true\:0\:0\:false\:false\:true\:false\:false\:false
NVIC.PriorityGroup=NVIC_PRIORITYGROUP_4
NVIC.SVCall_IRQn=true\:0\:0\:false\:false\:true\:false\:false\:false
NVIC.SecureFault_IRQn=true\:0\:0\:false\:false\:true\:false\:false\:false
NVIC.SysTick_IRQn=true\:15\:0\:false\:false\:true\:false\:true\:false
NVIC.TIM2_IRQn=true\:3\:0\:true\:false\:true\:true\:true\:true
NVIC.UsageFault_IRQn=true\:0\:0\:false\:false\:true\:false\:false\:false
NVIC1.BFHFNMINS=0
NVIC1.BusFault_IRQn=true\:0\:0\:false\:false\:true\:false\:false\:false
NVIC1.DebugMonitor_IRQn=true\:0\:0\:false\:false\:true\:false\:false\:false
NVIC1.ForceEnableDMAVector=true
NVIC1.HardFault_IRQn=true\:0\:0\:false\:false\:true\:false\:false\:false
NVIC1.MemoryManagement_IRQn=true\:0\:0\:false\:false\:true\:false\:false\:false
NVIC1.NonMaskableInt_IRQn=true\:0\:0\:false\:false\:true\:false\:false\:false
NVIC1.PRIS=0
NVIC1.PendSV_IRQn=true\:0\:0\:false\:false\:true\:false\:false\:false
NVIC1.PriorityGroup=NVIC_PRIORITYGROUP_4
NVIC1.SVCall_IRQn=true\:0\:0\:false\:false\:true\:false\:false\:false
NVIC1.SecureFault_IRQn=true\:0\:0\:false\:false\:true\:false\:false\:false
NVIC1.SysTick_IRQn=true\:15\:0\:false\:false\:true\:false\:true\:false
NVIC1.UsageFault_IRQn=true\:0\:0\:false\:false\:true\:false\:false\:false
NVIC2.BFHFNMINS=0
NVIC2.ForceEnableDMAVector=true
NVIC2.MemoryManagement_IRQn=true\:0\:0\:false\:false\:true\:false\:false\:false
NVIC2.PRIS=0
NVIC2.PendSV_IRQn=true\:0\:0\:false\:false\:true\:false\:false\:false
NVIC2.PriorityGroup=NVIC_PRIORITYGROUP_4
NVIC2.SVCall_IRQn=true\:0\:0\:false\:false\:true\:false\:false\:false
NVIC2.SecureFault_IRQn=true\:0\:0\:false\:false\:true\:false\:false\:false
NVIC2.SysTick_IRQn=true\:15\:0\:false\:false\:true\:false\:true\:false
NVIC2.UsageFault_IRQn=true\:0\:0\:false\:false\:true\:false\:false\:false
PinOutPanel.CurrentBGAView=Top
PinOutPanel.RotationAngle=0
ProjectManager.AskForMigrate=true
ProjectManager.BackupPrevious=false
ProjectManager.CompilerOptimize=6
ProjectManager.ComputerToolchain=false
ProjectManager.CoupleFile=false
ProjectManager.DeletePrevious=true
ProjectManager.DeviceId=STM32N657X0HxQ
ProjectManager.FreePins=false
ProjectManager.HalAssertFull=false
ProjectManager.HeapSize=FSBL-0x200,Appli-0x200,ExtMemLoader-0x200
ProjectManager.KeepUserCode=true
ProjectManager.LastFirmware=true
ProjectManager.LibraryCopy=2
ProjectManager.MainLocation=Src
ProjectManager.NoMain=false
ProjectManager.PreviousToolchain=
ProjectManager.ProjectBuild=false
ProjectManager.ProjectFileName=TIM_TimeBase.ioc
ProjectManager.ProjectName=TIM_TimeBase
ProjectManager.ProjectStructure=FSBL\:FSBL\:true;Appli\:Appli\:false;AppNS\:AppNS\:false;ExtMemLoader\:ExtMemLoader\:false;
ProjectManager.RegisterCallBack=
ProjectManager.StackSize=FSBL-0x800,Appli-0x800,ExtMemLoader-0x800
ProjectManager.TargetToolchain=EWARM V9.40
ProjectManager.ToolChainLocation=
ProjectManager.UAScriptAfterPath=
ProjectManager.UAScriptBeforePath=
ProjectManager.UnderRoot=false
ProjectManager.functionlistsort=1-SystemClock_Config-RCC-false-HAL-false-FSBL,2-MX_TIM2_Init-TIM2-false-HAL-true-FSBL,0-MX_CORTEX_M55_FSBL_Init-CORTEX_M55_FSBL-false-HAL-true-FSBL,0-MX_CORTEX_M55_S_Init-CORTEX_M55_S-false-HAL-true-Appli,0-MX_CORTEX_M55_NS_Init-CORTEX_M55_NS-false-HAL-true-AppliNonSecure,0-MX_CORTEX_M55_NS_Init-CORTEX_M55_NS-false-HAL-true-ExtMemLoader
RCC.ADC12Freq_Value=200000000
RCC.ADFFreq_Value=200000000
RCC.AHB1234Freq_Value=200000000
RCC.APB1Freq_Value=200000000
RCC.APB2Freq_Value=200000000
RCC.APB4Freq_Value=200000000
RCC.APB5Freq_Value=200000000
RCC.AXIClockFreq_Value=400000000
RCC.CKPERFreq_Value=64000000
RCC.CPUCLKSource=RCC_CPUCLKSOURCE_IC1
RCC.CortexFreq_Value=75000000
RCC.CpuClockFreq_Value=600000000
RCC.DCMIPPFreq_Value=0
RCC.ETH1Freq_Value=200000000
RCC.FBDIV1=75
RCC.FDCANFreq_Value=200000000
RCC.FMCFreq_Value=200000000
RCC.FOUTPOSTDIV1Freq_Value=1200000000
RCC.FOUTPOSTDIV2Freq_Value=1600000000
RCC.FOUTPOSTDIV3Freq_Value=1600000000
RCC.FOUTPOSTDIV4Freq_Value=1600000000
RCC.FREFDIV1=4
RCC.FamilyName=M
RCC.HSE_VALUE=48000000
RCC.HSI_VALUE=64000000
RCC.I2C1Freq_Value=200000000
RCC.I2C2Freq_Value=200000000
RCC.I2C3Freq_Value=200000000
RCC.I2C4Freq_Value=200000000
RCC.I3C1Freq_Value=200000000
RCC.I3C2Freq_Value=200000000
RCC.IC10Freq_VALUE=1600000000
RCC.IC11Div=3
RCC.IC11Freq_VALUE=400000000
RCC.IC12Freq_VALUE=1600000000
RCC.IC13Freq_VALUE=1600000000
RCC.IC14Freq_VALUE=1600000000
RCC.IC15Freq_VALUE=1600000000
RCC.IC16Freq_VALUE=1600000000
RCC.IC17Freq_VALUE=1600000000
RCC.IC18Freq_VALUE=1600000000
RCC.IC19Freq_VALUE=1600000000
RCC.IC1Div=2
RCC.IC1Freq_VALUE=600000000
RCC.IC20Freq_VALUE=1600000000
RCC.IC2Div=3
RCC.IC2Freq_VALUE=400000000
RCC.IC3Freq_VALUE=1200000000
RCC.IC4Freq_VALUE=1200000000
RCC.IC5Freq_VALUE=1200000000
RCC.IC6Div=4
RCC.IC6Freq_VALUE=300000000
RCC.IC7Freq_VALUE=1600000000
RCC.IC8Freq_VALUE=1600000000
RCC.IC9Freq_VALUE=1600000000
RCC.IPParameters=ADC12Freq_Value,ADFFreq_Value,AHB1234Freq_Value,APB1Freq_Value,APB2Freq_Value,APB4Freq_Value,APB5Freq_Value,AXIClockFreq_Value,CKPERFreq_Value,CPUCLKSource,CortexFreq_Value,CpuClockFreq_Value,DCMIPPFreq_Value,ETH1Freq_Value,FBDIV1,FDCANFreq_Value,FMCFreq_Value,FOUTPOSTDIV1Freq_Value,FOUTPOSTDIV2Freq_Value,FOUTPOSTDIV3Freq_Value,FOUTPOSTDIV4Freq_Value,FREFDIV1,FamilyName,HSE_VALUE,HSI_VALUE,I2C1Freq_Value,I2C2Freq_Value,I2C3Freq_Value,I2C4Freq_Value,I3C1Freq_Value,I3C2Freq_Value,IC10Freq_VALUE,IC11Div,IC11Freq_VALUE,IC12Freq_VALUE,IC13Freq_VALUE,IC14Freq_VALUE,IC15Freq_VALUE,IC16Freq_VALUE,IC17Freq_VALUE,IC18Freq_VALUE,IC19Freq_VALUE,IC1Div,IC1Freq_VALUE,IC20Freq_VALUE,IC2Div,IC2Freq_VALUE,IC3Freq_VALUE,IC4Freq_VALUE,IC5Freq_VALUE,IC6Div,IC6Freq_VALUE,IC7Freq_VALUE,IC8Freq_VALUE,IC9Freq_VALUE,LPTIM1Freq_Value,LPTIM2Freq_Value,LPTIM3Freq_Value,LPTIM4Freq_Value,LPTIM5Freq_Value,LPUART1Freq_Value,LSE_VALUE,LSI_VALUE,LTDCFreq_Value,MCO1PinFreq_Value,MCO2PinFreq_Value,MDFFreq_Value,MSI_VALUE,OTGHS1Freq_Value,OTGHS2Freq_Value,OTGPHY1Freq_Value,OTGPHY2Freq_Value,PLL1FRACV,PLL2FRACV,PLL3FRACV,PLL4FRACV,PSSIFreq_Value,RTCFreq_Value,SAI1Freq_Value,SAI2Freq_Value,SDMMC1Freq_Value,SDMMC2Freq_Value,SPDIFRX1Freq_Value,SPI1Freq_Value,SPI2Freq_Value,SPI3Freq_Value,SPI4Freq_Value,SPI5Freq_Value,SPI6Freq_Value,SYSBCLKFreq_VALUE,SYSBCLKSource,SYSCCLKFreq_VALUE,SYSDCLKFreq_VALUE,TIMGFreq_Value,TPIUFreq_Value,UART4Freq_Value,UART5Freq_Value,UART7Freq_Value,UART8Freq_Value,UART9Freq_Value,USART10Freq_Value,USART1Freq_Value,USART2Freq_Value,USART3Freq_Value,USART6Freq_Value,VCO1OutputFreq_Value,VCO2OutputFreq_Value,VCO3OutputFreq_Value,VCO4OutputFreq_Value,VCOInput1Freq_Value,VCOInput2Freq_Value,VCOInput3Freq_Value,VCOInput4Freq_Value,XSPI1Freq_Value,XSPI2Freq_Value,XSPI3Freq_Value
RCC.LPTIM1Freq_Value=200000000
RCC.LPTIM2Freq_Value=200000000
RCC.LPTIM3Freq_Value=200000000
RCC.LPTIM4Freq_Value=200000000
RCC.LPTIM5Freq_Value=200000000
RCC.LPUART1Freq_Value=200000000
RCC.LSE_VALUE=32768
RCC.LSI_VALUE=32000
RCC.LTDCFreq_Value=0
RCC.MCO1PinFreq_Value=64000000
RCC.MCO2PinFreq_Value=64000000
RCC.MDFFreq_Value=200000000
RCC.MSI_VALUE=16000000
RCC.OTGHS1Freq_Value=12000000
RCC.OTGHS2Freq_Value=12000000
RCC.OTGPHY1Freq_Value=12000000
RCC.OTGPHY2Freq_Value=12000000
RCC.PLL1FRACV=0
RCC.PLL2FRACV=0
RCC.PLL3FRACV=0
RCC.PLL4FRACV=0
RCC.PSSIFreq_Value=200000000
RCC.RTCFreq_Value=32000
RCC.SAI1Freq_Value=200000000
RCC.SAI2Freq_Value=200000000
RCC.SDMMC1Freq_Value=200000000
RCC.SDMMC2Freq_Value=200000000
RCC.SPDIFRX1Freq_Value=200000000
RCC.SPI1Freq_Value=200000000
RCC.SPI2Freq_Value=200000000
RCC.SPI3Freq_Value=200000000
RCC.SPI4Freq_Value=200000000
RCC.SPI5Freq_Value=200000000
RCC.SPI6Freq_Value=200000000
RCC.SYSBCLKFreq_VALUE=400000000
RCC.SYSBCLKSource=RCC_SYSCLKSOURCE_IC2_IC6_IC11
RCC.SYSCCLKFreq_VALUE=300000000
RCC.SYSDCLKFreq_VALUE=400000000
RCC.TIMGFreq_Value=400000000
RCC.TPIUFreq_Value=75000000
RCC.UART4Freq_Value=200000000
RCC.UART5Freq_Value=200000000
RCC.UART7Freq_Value=200000000
RCC.UART8Freq_Value=200000000
RCC.UART9Freq_Value=200000000
RCC.USART10Freq_Value=200000000
RCC.USART1Freq_Value=200000000
RCC.USART2Freq_Value=200000000
RCC.USART3Freq_Value=200000000
RCC.USART6Freq_Value=200000000
RCC.VCO1OutputFreq_Value=1200000000
RCC.VCO2OutputFreq_Value=1600000000
RCC.VCO3OutputFreq_Value=1600000000
RCC.VCO4OutputFreq_Value=1600000000
RCC.VCOInput1Freq_Value=16000000
RCC.VCOInput2Freq_Value=64000000
RCC.VCOInput3Freq_Value=64000000
RCC.VCOInput4Freq_Value=64000000
RCC.XSPI1Freq_Value=200000000
RCC.XSPI2Freq_Value=200000000
RCC.XSPI3Freq_Value=200000000
RIF.DCMIPP_CID_RIMU=0
RIF.DMA2D_CID_RIMU=0
RIF.ETH1_CID_RIMU=0
RIF.GPU_CID_RIMU=0
RIF.IPParameters=NPU_CID_RIMU,SDMMC1_CID_RIMU,SDMMC2_CID_RIMU,ETH1_CID_RIMU,GPU_CID_RIMU,DMA2D_CID_RIMU,DCMIPP_CID_RIMU,LTDC_L1_CID_RIMU,LTDC_L2_CID_RIMU,VENC_CID_RIMU
RIF.LTDC_L1_CID_RIMU=0
RIF.LTDC_L2_CID_RIMU=0
RIF.NPU_CID_RIMU=0
RIF.SDMMC1_CID_RIMU=0
RIF.SDMMC2_CID_RIMU=0
RIF.VENC_CID_RIMU=0
RIF.default_config=false
TIM2.IPParameters=PeriodNoDither,Prescaler
TIM2.IPParametersWithoutCheck=Prescaler,PeriodNoDither
TIM2.PeriodNoDither=PERIOD_VALUE
TIM2.Prescaler=PRESCALER_VALUE
VP_TIM2_VS_ClockSourceINT.Mode=Internal
VP_TIM2_VS_ClockSourceINT.Signal=TIM2_VS_ClockSourceINT
board=custom
ProjectManager.Example=TIM_TimeBase
ProjectManager.ExampleSource=CubeFw
